{
  "requires": true,
  "lockfileVersion": 1,
  "dependencies": {
    "myassert": {
      "version": "0.0.2",
      "resolved": "https://registry.npmjs.org/myassert/-/myassert-0.0.2.tgz",
      "integrity": "sha512-nRX+5/mBNSC0hHg0sLU+0tHlZFIZX0AOnCnRDaJCc5TzBI6q5FST+pRSIrNtRL39RpYHIFnn8bvkHnxF9yDKxg=="
    }
  }
}
